
Microsoft Visual Studio Solution File, Format Version 12.00
# Visual Studio Version 17
VisualStudioVersion = 17.0.32126.317
MinimumVisualStudioVersion = 10.0.40219.1
Project("{FAE04EC0-301F-11D3-BF4B-00C04F79EFBC}") = "RevisaoArrays.ConsoleApp", "RevisaoArrays.ConsoleApp\RevisaoArrays.ConsoleApp.csproj", "{1AF2B0A7-AE50-440C-A712-2EF484E322F6}"
EndProject
Global
	GlobalSection(SolutionConfigurationPlatforms) = preSolution
		Debug|Any CPU = Debug|Any CPU
		Release|Any CPU = Release|Any CPU
	EndGlobalSection
	GlobalSection(ProjectConfigurationPlatforms) = postSolution
		{1AF2B0A7-AE50-440C-A712-2EF484E322F6}.Debug|Any CPU.ActiveCfg = Debug|Any CPU
		{1AF2B0A7-AE50-440C-A712-2EF484E322F6}.Debug|Any CPU.Build.0 = Debug|Any CPU
		{1AF2B0A7-AE50-440C-A712-2EF484E322F6}.Release|Any CPU.ActiveCfg = Release|Any CPU
		{1AF2B0A7-AE50-440C-A712-2EF484E322F6}.Release|Any CPU.Build.0 = Release|Any CPU
	EndGlobalSection
	GlobalSection(SolutionProperties) = preSolution
		HideSolutionNode = FALSE
	EndGlobalSection
	GlobalSection(ExtensibilityGlobals) = postSolution
		SolutionGuid = {97FDE22A-E6B8-4695-A211-57D5D75AE60C}
	EndGlobalSection
EndGlobal
